
Microsoft Visual Studio Solution File, Format Version 12.00
# Visual Studio Version 17
VisualStudioVersion = 17.6.33829.357
MinimumVisualStudioVersion = 10.0.40219.1
Project("{FAE04EC0-301F-11D3-BF4B-00C04F79EFBC}") = "frescoMarket", "frescoMarket\frescoMarket.csproj", "{21B3DA49-71E0-49FB-ADAB-EE152E311F43}"
EndProject
Global
	GlobalSection(SolutionConfigurationPlatforms) = preSolution
		Debug|Any CPU = Debug|Any CPU
		Release|Any CPU = Release|Any CPU
	EndGlobalSection
	GlobalSection(ProjectConfigurationPlatforms) = postSolution
		{21B3DA49-71E0-49FB-ADAB-EE152E311F43}.Debug|Any CPU.ActiveCfg = Debug|Any CPU
		{21B3DA49-71E0-49FB-ADAB-EE152E311F43}.Debug|Any CPU.Build.0 = Debug|Any CPU
		{21B3DA49-71E0-49FB-ADAB-EE152E311F43}.Release|Any CPU.ActiveCfg = Release|Any CPU
		{21B3DA49-71E0-49FB-ADAB-EE152E311F43}.Release|Any CPU.Build.0 = Release|Any CPU
	EndGlobalSection
	GlobalSection(SolutionProperties) = preSolution
		HideSolutionNode = FALSE
	EndGlobalSection
	GlobalSection(ExtensibilityGlobals) = postSolution
		SolutionGuid = {25DAE600-8B42-4B11-B7DD-1B0AE8CFA6BF}
	EndGlobalSection
EndGlobal
